
Microsoft Visual Studio Solution File, Format Version 12.00
# Visual Studio Version 17
VisualStudioVersion = 17.11.35327.3
MinimumVisualStudioVersion = 10.0.40219.1
Project("{FAE04EC0-301F-11D3-BF4B-00C04F79EFBC}") = "test", "test\test.csproj", "{80810560-9C3E-4439-BFC3-1DBB5AF24F3E}"
EndProject
Global
	GlobalSection(SolutionConfigurationPlatforms) = preSolution
		Debug|Any CPU = Debug|Any CPU
		Release|Any CPU = Release|Any CPU
	EndGlobalSection
	GlobalSection(ProjectConfigurationPlatforms) = postSolution
		{80810560-9C3E-4439-BFC3-1DBB5AF24F3E}.Debug|Any CPU.ActiveCfg = Debug|Any CPU
		{80810560-9C3E-4439-BFC3-1DBB5AF24F3E}.Debug|Any CPU.Build.0 = Debug|Any CPU
		{80810560-9C3E-4439-BFC3-1DBB5AF24F3E}.Release|Any CPU.ActiveCfg = Release|Any CPU
		{80810560-9C3E-4439-BFC3-1DBB5AF24F3E}.Release|Any CPU.Build.0 = Release|Any CPU
	EndGlobalSection
	GlobalSection(SolutionProperties) = preSolution
		HideSolutionNode = FALSE
	EndGlobalSection
	GlobalSection(ExtensibilityGlobals) = postSolution
		SolutionGuid = {DB2986AD-4EA8-4307-BCD0-133E638A9E15}
	EndGlobalSection
EndGlobal
