
Microsoft Visual Studio Solution File, Format Version 12.00
# Visual Studio Version 17
VisualStudioVersion = 17.11.35222.181
MinimumVisualStudioVersion = 10.0.40219.1
Project("{FAE04EC0-301F-11D3-BF4B-00C04F79EFBC}") = "BackGroundWorker", "BackGroundWorker.csproj", "{57698D43-1527-4084-8486-04015BFDA891}"
EndProject
Global
	GlobalSection(SolutionConfigurationPlatforms) = preSolution
		Debug|Any CPU = Debug|Any CPU
		Release|Any CPU = Release|Any CPU
	EndGlobalSection
	GlobalSection(ProjectConfigurationPlatforms) = postSolution
		{57698D43-1527-4084-8486-04015BFDA891}.Debug|Any CPU.ActiveCfg = Debug|Any CPU
		{57698D43-1527-4084-8486-04015BFDA891}.Debug|Any CPU.Build.0 = Debug|Any CPU
		{57698D43-1527-4084-8486-04015BFDA891}.Release|Any CPU.ActiveCfg = Release|Any CPU
		{57698D43-1527-4084-8486-04015BFDA891}.Release|Any CPU.Build.0 = Release|Any CPU
	EndGlobalSection
	GlobalSection(SolutionProperties) = preSolution
		HideSolutionNode = FALSE
	EndGlobalSection
	GlobalSection(ExtensibilityGlobals) = postSolution
		SolutionGuid = {55DD921E-BF69-4981-BA45-4291B4DFE8EB}
	EndGlobalSection
EndGlobal
