
Microsoft Visual Studio Solution File, Format Version 12.00
# Visual Studio Version 17
VisualStudioVersion = 17.11.35208.52
MinimumVisualStudioVersion = 10.0.40219.1
Project("{FAE04EC0-301F-11D3-BF4B-00C04F79EFBC}") = "buoi_2-2", "buoi_2-2.csproj", "{0FF126A6-E512-40F3-A2F6-DB4A5435AF01}"
EndProject
Global
	GlobalSection(SolutionConfigurationPlatforms) = preSolution
		Debug|Any CPU = Debug|Any CPU
		Release|Any CPU = Release|Any CPU
	EndGlobalSection
	GlobalSection(ProjectConfigurationPlatforms) = postSolution
		{0FF126A6-E512-40F3-A2F6-DB4A5435AF01}.Debug|Any CPU.ActiveCfg = Debug|Any CPU
		{0FF126A6-E512-40F3-A2F6-DB4A5435AF01}.Debug|Any CPU.Build.0 = Debug|Any CPU
		{0FF126A6-E512-40F3-A2F6-DB4A5435AF01}.Release|Any CPU.ActiveCfg = Release|Any CPU
		{0FF126A6-E512-40F3-A2F6-DB4A5435AF01}.Release|Any CPU.Build.0 = Release|Any CPU
	EndGlobalSection
	GlobalSection(SolutionProperties) = preSolution
		HideSolutionNode = FALSE
	EndGlobalSection
	GlobalSection(ExtensibilityGlobals) = postSolution
		SolutionGuid = {85012A8D-7D15-4867-BB9F-7282D6437C16}
	EndGlobalSection
EndGlobal
