
Microsoft Visual Studio Solution File, Format Version 12.00
# Visual Studio Version 17
VisualStudioVersion = 17.11.35208.52
MinimumVisualStudioVersion = 10.0.40219.1
Project("{FAE04EC0-301F-11D3-BF4B-00C04F79EFBC}") = "buoi_3", "buoi_3.csproj", "{8BDD134D-EE77-433B-8C3E-4F380C20F9DC}"
EndProject
Global
	GlobalSection(SolutionConfigurationPlatforms) = preSolution
		Debug|Any CPU = Debug|Any CPU
		Release|Any CPU = Release|Any CPU
	EndGlobalSection
	GlobalSection(ProjectConfigurationPlatforms) = postSolution
		{8BDD134D-EE77-433B-8C3E-4F380C20F9DC}.Debug|Any CPU.ActiveCfg = Debug|Any CPU
		{8BDD134D-EE77-433B-8C3E-4F380C20F9DC}.Debug|Any CPU.Build.0 = Debug|Any CPU
		{8BDD134D-EE77-433B-8C3E-4F380C20F9DC}.Release|Any CPU.ActiveCfg = Release|Any CPU
		{8BDD134D-EE77-433B-8C3E-4F380C20F9DC}.Release|Any CPU.Build.0 = Release|Any CPU
	EndGlobalSection
	GlobalSection(SolutionProperties) = preSolution
		HideSolutionNode = FALSE
	EndGlobalSection
	GlobalSection(ExtensibilityGlobals) = postSolution
		SolutionGuid = {1566958C-AE4C-465F-AA89-64D739952409}
	EndGlobalSection
EndGlobal
