
Microsoft Visual Studio Solution File, Format Version 12.00
# Visual Studio Version 17
VisualStudioVersion = 17.11.35208.52
MinimumVisualStudioVersion = 10.0.40219.1
Project("{FAE04EC0-301F-11D3-BF4B-00C04F79EFBC}") = "InHome2", "InHome2.csproj", "{5405E58D-9D75-4E1E-BC64-86C7051C21FE}"
EndProject
Global
	GlobalSection(SolutionConfigurationPlatforms) = preSolution
		Debug|Any CPU = Debug|Any CPU
		Release|Any CPU = Release|Any CPU
	EndGlobalSection
	GlobalSection(ProjectConfigurationPlatforms) = postSolution
		{5405E58D-9D75-4E1E-BC64-86C7051C21FE}.Debug|Any CPU.ActiveCfg = Debug|Any CPU
		{5405E58D-9D75-4E1E-BC64-86C7051C21FE}.Debug|Any CPU.Build.0 = Debug|Any CPU
		{5405E58D-9D75-4E1E-BC64-86C7051C21FE}.Release|Any CPU.ActiveCfg = Release|Any CPU
		{5405E58D-9D75-4E1E-BC64-86C7051C21FE}.Release|Any CPU.Build.0 = Release|Any CPU
	EndGlobalSection
	GlobalSection(SolutionProperties) = preSolution
		HideSolutionNode = FALSE
	EndGlobalSection
	GlobalSection(ExtensibilityGlobals) = postSolution
		SolutionGuid = {D73C723F-D557-448C-BF6C-DF29438B1E19}
	EndGlobalSection
EndGlobal
