
Microsoft Visual Studio Solution File, Format Version 12.00
# Visual Studio Version 17
VisualStudioVersion = 17.11.35327.3
MinimumVisualStudioVersion = 10.0.40219.1
Project("{FAE04EC0-301F-11D3-BF4B-00C04F79EFBC}") = "THSinhVien", "THSinhVien\THSinhVien.csproj", "{AB8F0A77-4CCC-4D32-9CF9-541B48EB8529}"
EndProject
Global
	GlobalSection(SolutionConfigurationPlatforms) = preSolution
		Debug|Any CPU = Debug|Any CPU
		Release|Any CPU = Release|Any CPU
	EndGlobalSection
	GlobalSection(ProjectConfigurationPlatforms) = postSolution
		{AB8F0A77-4CCC-4D32-9CF9-541B48EB8529}.Debug|Any CPU.ActiveCfg = Debug|Any CPU
		{AB8F0A77-4CCC-4D32-9CF9-541B48EB8529}.Debug|Any CPU.Build.0 = Debug|Any CPU
		{AB8F0A77-4CCC-4D32-9CF9-541B48EB8529}.Release|Any CPU.ActiveCfg = Release|Any CPU
		{AB8F0A77-4CCC-4D32-9CF9-541B48EB8529}.Release|Any CPU.Build.0 = Release|Any CPU
	EndGlobalSection
	GlobalSection(SolutionProperties) = preSolution
		HideSolutionNode = FALSE
	EndGlobalSection
	GlobalSection(ExtensibilityGlobals) = postSolution
		SolutionGuid = {16E66464-1493-4780-A409-E5EC2BEA9491}
	EndGlobalSection
EndGlobal
