
Microsoft Visual Studio Solution File, Format Version 12.00
# Visual Studio Version 17
VisualStudioVersion = 17.11.35327.3
MinimumVisualStudioVersion = 10.0.40219.1
Project("{FAE04EC0-301F-11D3-BF4B-00C04F79EFBC}") = "InHome3", "InHome3\InHome3.csproj", "{92F0477D-1ED3-4E12-9400-04A220C541E4}"
EndProject
Global
	GlobalSection(SolutionConfigurationPlatforms) = preSolution
		Debug|Any CPU = Debug|Any CPU
		Release|Any CPU = Release|Any CPU
	EndGlobalSection
	GlobalSection(ProjectConfigurationPlatforms) = postSolution
		{92F0477D-1ED3-4E12-9400-04A220C541E4}.Debug|Any CPU.ActiveCfg = Debug|Any CPU
		{92F0477D-1ED3-4E12-9400-04A220C541E4}.Debug|Any CPU.Build.0 = Debug|Any CPU
		{92F0477D-1ED3-4E12-9400-04A220C541E4}.Release|Any CPU.ActiveCfg = Release|Any CPU
		{92F0477D-1ED3-4E12-9400-04A220C541E4}.Release|Any CPU.Build.0 = Release|Any CPU
	EndGlobalSection
	GlobalSection(SolutionProperties) = preSolution
		HideSolutionNode = FALSE
	EndGlobalSection
	GlobalSection(ExtensibilityGlobals) = postSolution
		SolutionGuid = {83DCB781-6684-4EE4-B245-71FBAD4524BB}
	EndGlobalSection
EndGlobal
