
Microsoft Visual Studio Solution File, Format Version 12.00
# Visual Studio Version 17
VisualStudioVersion = 17.11.35208.52
MinimumVisualStudioVersion = 10.0.40219.1
Project("{FAE04EC0-301F-11D3-BF4B-00C04F79EFBC}") = "buoi_5_11-9", "buoi_5_11-9.csproj", "{380CD1E1-3000-4253-93A4-970EFFB96C77}"
EndProject
Global
	GlobalSection(SolutionConfigurationPlatforms) = preSolution
		Debug|Any CPU = Debug|Any CPU
		Release|Any CPU = Release|Any CPU
	EndGlobalSection
	GlobalSection(ProjectConfigurationPlatforms) = postSolution
		{380CD1E1-3000-4253-93A4-970EFFB96C77}.Debug|Any CPU.ActiveCfg = Debug|Any CPU
		{380CD1E1-3000-4253-93A4-970EFFB96C77}.Debug|Any CPU.Build.0 = Debug|Any CPU
		{380CD1E1-3000-4253-93A4-970EFFB96C77}.Release|Any CPU.ActiveCfg = Release|Any CPU
		{380CD1E1-3000-4253-93A4-970EFFB96C77}.Release|Any CPU.Build.0 = Release|Any CPU
	EndGlobalSection
	GlobalSection(SolutionProperties) = preSolution
		HideSolutionNode = FALSE
	EndGlobalSection
	GlobalSection(ExtensibilityGlobals) = postSolution
		SolutionGuid = {07714BE6-1461-4AC4-858C-CF0E96917ECE}
	EndGlobalSection
EndGlobal
