
Microsoft Visual Studio Solution File, Format Version 12.00
# Visual Studio Version 17
VisualStudioVersion = 17.11.35327.3
MinimumVisualStudioVersion = 10.0.40219.1
Project("{FAE04EC0-301F-11D3-BF4B-00C04F79EFBC}") = "TH24", "TH24\TH24.csproj", "{A60E9AC1-CDD5-4DFB-AF2B-32E78D2B55FC}"
EndProject
Global
	GlobalSection(SolutionConfigurationPlatforms) = preSolution
		Debug|Any CPU = Debug|Any CPU
		Release|Any CPU = Release|Any CPU
	EndGlobalSection
	GlobalSection(ProjectConfigurationPlatforms) = postSolution
		{A60E9AC1-CDD5-4DFB-AF2B-32E78D2B55FC}.Debug|Any CPU.ActiveCfg = Debug|Any CPU
		{A60E9AC1-CDD5-4DFB-AF2B-32E78D2B55FC}.Debug|Any CPU.Build.0 = Debug|Any CPU
		{A60E9AC1-CDD5-4DFB-AF2B-32E78D2B55FC}.Release|Any CPU.ActiveCfg = Release|Any CPU
		{A60E9AC1-CDD5-4DFB-AF2B-32E78D2B55FC}.Release|Any CPU.Build.0 = Release|Any CPU
	EndGlobalSection
	GlobalSection(SolutionProperties) = preSolution
		HideSolutionNode = FALSE
	EndGlobalSection
	GlobalSection(ExtensibilityGlobals) = postSolution
		SolutionGuid = {39232AFF-4C70-46F7-8448-F1DAEAF80004}
	EndGlobalSection
EndGlobal
