
Microsoft Visual Studio Solution File, Format Version 12.00
# Visual Studio Version 17
VisualStudioVersion = 17.11.35327.3
MinimumVisualStudioVersion = 10.0.40219.1
Project("{FAE04EC0-301F-11D3-BF4B-00C04F79EFBC}") = "bt2InHome4", "bt2InHome4\bt2InHome4.csproj", "{C491EB75-F113-4584-AC70-344558A07D86}"
EndProject
Global
	GlobalSection(SolutionConfigurationPlatforms) = preSolution
		Debug|Any CPU = Debug|Any CPU
		Release|Any CPU = Release|Any CPU
	EndGlobalSection
	GlobalSection(ProjectConfigurationPlatforms) = postSolution
		{C491EB75-F113-4584-AC70-344558A07D86}.Debug|Any CPU.ActiveCfg = Debug|Any CPU
		{C491EB75-F113-4584-AC70-344558A07D86}.Debug|Any CPU.Build.0 = Debug|Any CPU
		{C491EB75-F113-4584-AC70-344558A07D86}.Release|Any CPU.ActiveCfg = Release|Any CPU
		{C491EB75-F113-4584-AC70-344558A07D86}.Release|Any CPU.Build.0 = Release|Any CPU
	EndGlobalSection
	GlobalSection(SolutionProperties) = preSolution
		HideSolutionNode = FALSE
	EndGlobalSection
	GlobalSection(ExtensibilityGlobals) = postSolution
		SolutionGuid = {53B0FC13-9518-4444-A464-8E731F507C3E}
	EndGlobalSection
EndGlobal
